
Microsoft Visual Studio Solution File, Format Version 12.00
# Visual Studio 15
VisualStudioVersion = 15.0.27703.2047
MinimumVisualStudioVersion = 10.0.40219.1
Project("{FAE04EC0-301F-11D3-BF4B-00C04F79EFBC}") = "CodingPractice", "CodingPractice\CodingPractice.csproj", "{DC8558DF-868B-47AE-8391-027E8B9565CE}"
EndProject
Global
	GlobalSection(SolutionConfigurationPlatforms) = preSolution
		Debug|Any CPU = Debug|Any CPU
		Release|Any CPU = Release|Any CPU
	EndGlobalSection
	GlobalSection(ProjectConfigurationPlatforms) = postSolution
		{DC8558DF-868B-47AE-8391-027E8B9565CE}.Debug|Any CPU.ActiveCfg = Debug|Any CPU
		{DC8558DF-868B-47AE-8391-027E8B9565CE}.Debug|Any CPU.Build.0 = Debug|Any CPU
		{DC8558DF-868B-47AE-8391-027E8B9565CE}.Release|Any CPU.ActiveCfg = Release|Any CPU
		{DC8558DF-868B-47AE-8391-027E8B9565CE}.Release|Any CPU.Build.0 = Release|Any CPU
	EndGlobalSection
	GlobalSection(SolutionProperties) = preSolution
		HideSolutionNode = FALSE
	EndGlobalSection
	GlobalSection(ExtensibilityGlobals) = postSolution
		SolutionGuid = {A4CE3BD2-6439-41C5-9C81-0CEC86A7D4B9}
	EndGlobalSection
EndGlobal
